// !$*UTF8*$!
{
	archiveVersion = 1;
	classes = {
	};
	objectVersion = 50;
	objects = {

/* Begin PBXBuildFile section */
		C85FBEEA258FB51D0063A693 /* main.m in Sources */ = {isa = PBXBuildFile; fileRef = C85FBEE9258FB51D0063A693 /* main.m */; };
		C85FBEF4258FB8300063A693 /* BirdLeader.m in Sources */ = {isa = PBXBuildFile; fileRef = C85FBEF3258FB8300063A693 /* BirdLeader.m */; };
		C85FBEF8258FB8970063A693 /* Bird.m in Sources */ = {isa = PBXBuildFile; fileRef = C85FBEF7258FB8970063A693 /* Bird.m */; };
		C85FBEFC258FB9120063A693 /* FlockOfBirds.m in Sources */ = {isa = PBXBuildFile; fileRef = C85FBEFB258FB9120063A693 /* FlockOfBirds.m */; };
/* End PBXBuildFile section */

/* Begin PBXCopyFilesBuildPhase section */
		C85FBEE4258FB51D0063A693 /* CopyFiles */ = {
			isa = PBXCopyFilesBuildPhase;
			buildActionMask = 2147483647;
			dstPath = /usr/share/man/man1/;
			dstSubfolderSpec = 0;
			files = (
			);
			runOnlyForDeploymentPostprocessing = 1;
		};
/* End PBXCopyFilesBuildPhase section */

/* Begin PBXFileReference section */
		C85FBEE6258FB51D0063A693 /* BirdFlockNoARC */ = {isa = PBXFileReference; explicitFileType = "compiled.mach-o.executable"; includeInIndex = 0; path = BirdFlockNoARC; sourceTree = BUILT_PRODUCTS_DIR; };
		C85FBEE9258FB51D0063A693 /* main.m */ = {isa = PBXFileReference; lastKnownFileType = sourcecode.c.objc; path = main.m; sourceTree = "<group>"; };
		C85FBEF2258FB8300063A693 /* BirdLeader.h */ = {isa = PBXFileReference; lastKnownFileType = sourcecode.c.h; path = BirdLeader.h; sourceTree = "<group>"; };
		C85FBEF3258FB8300063A693 /* BirdLeader.m */ = {isa = PBXFileReference; lastKnownFileType = sourcecode.c.objc; path = BirdLeader.m; sourceTree = "<group>"; };
		C85FBEF6258FB8970063A693 /* Bird.h */ = {isa = PBXFileReference; lastKnownFileType = sourcecode.c.h; path = Bird.h; sourceTree = "<group>"; };
		C85FBEF7258FB8970063A693 /* Bird.m */ = {isa = PBXFileReference; lastKnownFileType = sourcecode.c.objc; path = Bird.m; sourceTree = "<group>"; };
		C85FBEFA258FB9120063A693 /* FlockOfBirds.h */ = {isa = PBXFileReference; lastKnownFileType = sourcecode.c.h; path = FlockOfBirds.h; sourceTree = "<group>"; };
		C85FBEFB258FB9120063A693 /* FlockOfBirds.m */ = {isa = PBXFileReference; lastKnownFileType = sourcecode.c.objc; path = FlockOfBirds.m; sourceTree = "<group>"; };
/* End PBXFileReference section */

/* Begin PBXFrameworksBuildPhase section */
		C85FBEE3258FB51D0063A693 /* Frameworks */ = {
			isa = PBXFrameworksBuildPhase;
			buildActionMask = 2147483647;
			files = (
			);
			runOnlyForDeploymentPostprocessing = 0;
		};
/* End PBXFrameworksBuildPhase section */

/* Begin PBXGroup section */
		C85FBEDD258FB51D0063A693 = {
			isa = PBXGroup;
			children = (
				C85FBEE8258FB51D0063A693 /* BirdFlockNoARC */,
				C85FBEE7258FB51D0063A693 /* Products */,
			);
			sourceTree = "<group>";
		};
		C85FBEE7258FB51D0063A693 /* Products */ = {
			isa = PBXGroup;
			children = (
				C85FBEE6258FB51D0063A693 /* BirdFlockNoARC */,
			);
			name = Products;
			sourceTree = "<group>";
		};
		C85FBEE8258FB51D0063A693 /* BirdFlockNoARC */ = {
			isa = PBXGroup;
			children = (
				C85FBEE9258FB51D0063A693 /* main.m */,
				C85FBEF2258FB8300063A693 /* BirdLeader.h */,
				C85FBEF3258FB8300063A693 /* BirdLeader.m */,
				C85FBEF6258FB8970063A693 /* Bird.h */,
				C85FBEF7258FB8970063A693 /* Bird.m */,
				C85FBEFA258FB9120063A693 /* FlockOfBirds.h */,
				C85FBEFB258FB9120063A693 /* FlockOfBirds.m */,
			);
			path = BirdFlockNoARC;
			sourceTree = "<group>";
		};
/* End PBXGroup section */

/* Begin PBXNativeTarget section */
		C85FBEE5258FB51D0063A693 /* BirdFlockNoARC */ = {
			isa = PBXNativeTarget;
			buildConfigurationList = C85FBEED258FB51D0063A693 /* Build configuration list for PBXNativeTarget "BirdFlockNoARC" */;
			buildPhases = (
				C85FBEE2258FB51D0063A693 /* Sources */,
				C85FBEE3258FB51D0063A693 /* Frameworks */,
				C85FBEE4258FB51D0063A693 /* CopyFiles */,
			);
			buildRules = (
			);
			dependencies = (
			);
			name = BirdFlockNoARC;
			productName = BirdFlockNoARC;
			productReference = C85FBEE6258FB51D0063A693 /* BirdFlockNoARC */;
			productType = "com.apple.product-type.tool";
		};
/* End PBXNativeTarget section */

/* Begin PBXProject section */
		C85FBEDE258FB51D0063A693 /* Project object */ = {
			isa = PBXProject;
			attributes = {
				LastUpgradeCheck = 1230;
				TargetAttributes = {
					C85FBEE5258FB51D0063A693 = {
						CreatedOnToolsVersion = 12.3;
					};
				};
			};
			buildConfigurationList = C85FBEE1258FB51D0063A693 /* Build configuration list for PBXProject "BirdFlockNoARC" */;
			compatibilityVersion = "Xcode 9.3";
			developmentRegion = en;
			hasScannedForEncodings = 0;
			knownRegions = (
				en,
				Base,
			);
			mainGroup = C85FBEDD258FB51D0063A693;
			productRefGroup = C85FBEE7258FB51D0063A693 /* Products */;
			projectDirPath = "";
			projectRoot = "";
			targets = (
				C85FBEE5258FB51D0063A693 /* BirdFlockNoARC */,
			);
		};
/* End PBXProject section */

/* Begin PBXSourcesBuildPhase section */
		C85FBEE2258FB51D0063A693 /* Sources */ = {
			isa = PBXSourcesBuildPhase;
			buildActionMask = 2147483647;
			files = (
				C85FBEEA258FB51D0063A693 /* main.m in Sources */,
				C85FBEFC258FB9120063A693 /* FlockOfBirds.m in Sources */,
				C85FBEF4258FB8300063A693 /* BirdLeader.m in Sources */,
				C85FBEF8258FB8970063A693 /* Bird.m in Sources */,
			);
			runOnlyForDeploymentPostprocessing = 0;
		};
/* End PBXSourcesBuildPhase section */

/* Begin XCBuildConfiguration section */
		C85FBEEB258FB51D0063A693 /* Debug */ = {
			isa = XCBuildConfiguration;
			buildSettings = {
				ALWAYS_SEARCH_USER_PATHS = NO;
				CLANG_ANALYZER_NONNULL = YES;
				CLANG_ANALYZER_NUMBER_OBJECT_CONVERSION = YES_AGGRESSIVE;
				CLANG_CXX_LANGUAGE_STANDARD = "gnu++14";
				CLANG_CXX_LIBRARY = "libc++";
				CLANG_ENABLE_MODULES = YES;
				CLANG_ENABLE_OBJC_ARC = NO;
				CLANG_ENABLE_OBJC_WEAK = YES;
				CLANG_WARN_BLOCK_CAPTURE_AUTORELEASING = YES;
				CLANG_WARN_BOOL_CONVERSION = YES;
				CLANG_WARN_COMMA = YES;
				CLANG_WARN_CONSTANT_CONVERSION = YES;
				CLANG_WARN_DEPRECATED_OBJC_IMPLEMENTATIONS = YES;
				CLANG_WARN_DIRECT_OBJC_ISA_USAGE = YES_ERROR;
				CLANG_WARN_DOCUMENTATION_COMMENTS = YES;
				CLANG_WARN_EMPTY_BODY = YES;
				CLANG_WARN_ENUM_CONVERSION = YES;
				CLANG_WARN_INFINITE_RECURSION = YES;
				CLANG_WARN_INT_CONVERSION = YES;
				CLANG_WARN_NON_LITERAL_NULL_CONVERSION = YES;
				CLANG_WARN_OBJC_IMPLICIT_RETAIN_SELF = YES;
				CLANG_WARN_OBJC_LITERAL_CONVERSION = YES;
				CLANG_WARN_OBJC_ROOT_CLASS = YES_ERROR;
				CLANG_WARN_QUOTED_INCLUDE_IN_FRAMEWORK_HEADER = YES;
				CLANG_WARN_RANGE_LOOP_ANALYSIS = YES;
				CLANG_WARN_STRICT_PROTOTYPES = YES;
				CLANG_WARN_SUSPICIOUS_MOVE = YES;
				CLANG_WARN_UNGUARDED_AVAILABILITY = YES_AGGRESSIVE;
				CLANG_WARN_UNREACHABLE_CODE = YES;
				CLANG_WARN__DUPLICATE_METHOD_MATCH = YES;
				COPY_PHASE_STRIP = NO;
				DEBUG_INFORMATION_FORMAT = dwarf;
				ENABLE_STRICT_OBJC_MSGSEND = YES;
				ENABLE_TESTABILITY = YES;
				GCC_C_LANGUAGE_STANDARD = gnu11;
				GCC_DYNAMIC_NO_PIC = NO;
				GCC_NO_COMMON_BLOCKS = YES;
				GCC_OPTIMIZATION_LEVEL = 0;
				GCC_PREPROCESSOR_DEFINITIONS = (
					"DEBUG=1",
					"$(inherited)",
				);
				GCC_WARN_64_TO_32_BIT_CONVERSION = YES;
				GCC_WARN_ABOUT_RETURN_TYPE = YES_ERROR;
				GCC_WARN_UNDECLARED_SELECTOR = YES;
				GCC_WARN_UNINITIALIZED_AUTOS = YES_AGGRESSIVE;
				GCC_WARN_UNUSED_FUNCTION = YES;
				GCC_WARN_UNUSED_VARIABLE = YES;
				MACOSX_DEPLOYMENT_TARGET = 11.1;
				MTL_ENABLE_DEBUG_INFO = INCLUDE_SOURCE;
				MTL_FAST_MATH = YES;
				ONLY_ACTIVE_ARCH = YES;
				SDKROOT = macosx;
			};
			name = Debug;
		};
		C85FBEEC258FB51D0063A693 /* Release */ = {
			isa = XCBuildConfiguration;
			buildSettings = {
				ALWAYS_SEARCH_USER_PATHS = NO;
				CLANG_ANALYZER_NONNULL = YES;
				CLANG_ANALYZER_NUMBER_OBJECT_CONVERSION = YES_AGGRESSIVE;
				CLANG_CXX_LANGUAGE_STANDARD = "gnu++14";
				CLANG_CXX_LIBRARY = "libc++";
				CLANG_ENABLE_MODULES = YES;
				CLANG_ENABLE_OBJC_ARC = NO;
				CLANG_ENABLE_OBJC_WEAK = YES;
				CLANG_WARN_BLOCK_CAPTURE_AUTORELEASING = YES;
				CLANG_WARN_BOOL_CONVERSION = YES;
				CLANG_WARN_COMMA = YES;
				CLANG_WARN_CONSTANT_CONVERSION = YES;
				CLANG_WARN_DEPRECATED_OBJC_IMPLEMENTATIONS = YES;
				CLANG_WARN_DIRECT_OBJC_ISA_USAGE = YES_ERROR;
				CLANG_WARN_DOCUMENTATION_COMMENTS = YES;
				CLANG_WARN_EMPTY_BODY = YES;
				CLANG_WARN_ENUM_CONVERSION = YES;
				CLANG_WARN_INFINITE_RECURSION = YES;
				CLANG_WARN_INT_CONVERSION = YES;
				CLANG_WARN_NON_LITERAL_NULL_CONVERSION = YES;
				CLANG_WARN_OBJC_IMPLICIT_RETAIN_SELF = YES;
				CLANG_WARN_OBJC_LITERAL_CONVERSION = YES;
				CLANG_WARN_OBJC_ROOT_CLASS = YES_ERROR;
				CLANG_WARN_QUOTED_INCLUDE_IN_FRAMEWORK_HEADER = YES;
				CLANG_WARN_RANGE_LOOP_ANALYSIS = YES;
				CLANG_WARN_STRICT_PROTOTYPES = YES;
				CLANG_WARN_SUSPICIOUS_MOVE = YES;
				CLANG_WARN_UNGUARDED_AVAILABILITY = YES_AGGRESSIVE;
				CLANG_WARN_UNREACHABLE_CODE = YES;
				CLANG_WARN__DUPLICATE_METHOD_MATCH = YES;
				COPY_PHASE_STRIP = NO;
				DEBUG_INFORMATION_FORMAT = "dwarf-with-dsym";
				ENABLE_NS_ASSERTIONS = NO;
				ENABLE_STRICT_OBJC_MSGSEND = YES;
				GCC_C_LANGUAGE_STANDARD = gnu11;
				GCC_NO_COMMON_BLOCKS = YES;
				GCC_WARN_64_TO_32_BIT_CONVERSION = YES;
				GCC_WARN_ABOUT_RETURN_TYPE = YES_ERROR;
				GCC_WARN_UNDECLARED_SELECTOR = YES;
				GCC_WARN_UNINITIALIZED_AUTOS = YES_AGGRESSIVE;
				GCC_WARN_UNUSED_FUNCTION = YES;
				GCC_WARN_UNUSED_VARIABLE = YES;
				MACOSX_DEPLOYMENT_TARGET = 11.1;
				MTL_ENABLE_DEBUG_INFO = NO;
				MTL_FAST_MATH = YES;
				SDKROOT = macosx;
			};
			name = Release;
		};
		C85FBEEE258FB51D0063A693 /* Debug */ = {
			isa = XCBuildConfiguration;
			buildSettings = {
				CODE_SIGN_STYLE = Automatic;
				DEVELOPMENT_TEAM = G2Z4Y76PYN;
				ENABLE_HARDENED_RUNTIME = YES;
				PRODUCT_NAME = "$(TARGET_NAME)";
			};
			name = Debug;
		};
		C85FBEEF258FB51D0063A693 /* Release */ = {
			isa = XCBuildConfiguration;
			buildSettings = {
				CODE_SIGN_STYLE = Automatic;
				DEVELOPMENT_TEAM = G2Z4Y76PYN;
				ENABLE_HARDENED_RUNTIME = YES;
				PRODUCT_NAME = "$(TARGET_NAME)";
			};
			name = Release;
		};
/* End XCBuildConfiguration section */

/* Begin XCConfigurationList section */
		C85FBEE1258FB51D0063A693 /* Build configuration list for PBXProject "BirdFlockNoARC" */ = {
			isa = XCConfigurationList;
			buildConfigurations = (
				C85FBEEB258FB51D0063A693 /* Debug */,
				C85FBEEC258FB51D0063A693 /* Release */,
			);
			defaultConfigurationIsVisible = 0;
			defaultConfigurationName = Release;
		};
		C85FBEED258FB51D0063A693 /* Build configuration list for PBXNativeTarget "BirdFlockNoARC" */ = {
			isa = XCConfigurationList;
			buildConfigurations = (
				C85FBEEE258FB51D0063A693 /* Debug */,
				C85FBEEF258FB51D0063A693 /* Release */,
			);
			defaultConfigurationIsVisible = 0;
			defaultConfigurationName = Release;
		};
/* End XCConfigurationList section */
	};
	rootObject = C85FBEDE258FB51D0063A693 /* Project object */;
}
